<?xml version="1.0" encoding="utf-8"?>
<Project ToolsVersion="4.0" xmlns="http://schemas.microsoft.com/developer/msbuild/2003">
  <ItemGroup>
    <ClCompile Include="convert_string.cpp">
      <Filter>文字列の相互変換 cp932⇔utf16⇔utf8</Filter>
    </ClCompile>
    <ClCompile Include="hidemaruexe_export.cpp">
      <Filter>秀丸本体のexeの関数やバージョン</Filter>
    </ClCompile>
    <ClCompile Include="self_dll_info.cpp">
      <Filter>このembed_hidemaru.dll自身の情報</Filter>
    </ClCompile>
    <ClCompile Include="output_debugstream.cpp">
      <Filter>秀丸デバッグモニター表示用</Filter>
    </ClCompile>
    <ClCompile Include="dllmain.cpp">
      <Filter>このembed_hidemaru.dll自身の情報</Filter>
    </ClCompile>
    <ClCompile Include="dllfunc_interface_internal.cpp">
      <Filter>秀丸マクロとのAPI Interface</Filter>
    </ClCompile>
    <ClCompile Include="dllfunc_interface.cpp">
      <Filter>秀丸マクロとのAPI Interface</Filter>
    </ClCompile>
    <ClCompile Include="embed_hidemaru.cpp">
      <Filter>PHPのエンジン</Filter>
    </ClCompile>
  </ItemGroup>
  <ItemGroup>
    <ClInclude Include="convert_string.h">
      <Filter>文字列の相互変換 cp932⇔utf16⇔utf8</Filter>
    </ClInclude>
    <ClInclude Include="hidemaruexe_export.h">
      <Filter>秀丸本体のexeの関数やバージョン</Filter>
    </ClInclude>
    <ClInclude Include="self_dll_info.h">
      <Filter>このembed_hidemaru.dll自身の情報</Filter>
    </ClInclude>
    <ClInclude Include="output_debugstream.h">
      <Filter>秀丸デバッグモニター表示用</Filter>
    </ClInclude>
    <ClInclude Include="dllfunc_interface_internal.h">
      <Filter>秀丸マクロとのAPI Interface</Filter>
    </ClInclude>
    <ClInclude Include="dllfunc_interface.h">
      <Filter>秀丸マクロとのAPI Interface</Filter>
    </ClInclude>
  </ItemGroup>
  <ItemGroup>
    <Filter Include="文字列の相互変換 cp932⇔utf16⇔utf8">
      <UniqueIdentifier>{e00699e5-5b38-4925-9052-e2690d0f8a95}</UniqueIdentifier>
    </Filter>
    <Filter Include="秀丸本体のexeの関数やバージョン">
      <UniqueIdentifier>{8696d89a-5d7d-478e-975c-5c33ee4e9291}</UniqueIdentifier>
    </Filter>
    <Filter Include="このembed_hidemaru.dll自身の情報">
      <UniqueIdentifier>{d41b82db-59a5-49d6-a011-67abb478c313}</UniqueIdentifier>
    </Filter>
    <Filter Include="秀丸デバッグモニター表示用">
      <UniqueIdentifier>{f0d54179-01d3-4b80-abc0-18c2d70180ec}</UniqueIdentifier>
    </Filter>
    <Filter Include="秀丸マクロとのAPI Interface">
      <UniqueIdentifier>{00c7d745-e073-4073-9128-706c7da5522f}</UniqueIdentifier>
    </Filter>
    <Filter Include="★わけのわからないコンパイルエラーが出たら">
      <UniqueIdentifier>{412e294e-93ab-4ba6-932a-02c1fb0c05e3}</UniqueIdentifier>
    </Filter>
    <Filter Include="php_hidemaruへのPinとUnpin">
      <UniqueIdentifier>{12fe8f53-2e12-4b33-81b7-e6aacf70d8b0}</UniqueIdentifier>
    </Filter>
    <Filter Include="PHPのエンジン">
      <UniqueIdentifier>{2e6bada5-f15c-47ce-a877-d39c1bc234c3}</UniqueIdentifier>
    </Filter>
    <Filter Include="リソース">
      <UniqueIdentifier>{d0b71a3e-659e-45d6-8dc6-18cb90beb430}</UniqueIdentifier>
    </Filter>
  </ItemGroup>
  <ItemGroup>
    <Text Include="★わけのわからないコンパイルエラーが出たら.txt">
      <Filter>★わけのわからないコンパイルエラーが出たら</Filter>
    </Text>
  </ItemGroup>
  <ItemGroup>
    <ResourceCompile Include="embed_hidemaru.rc">
      <Filter>リソース</Filter>
    </ResourceCompile>
  </ItemGroup>
</Project>